// !$*UTF8*$!
{
	archiveVersion = 1;
	classes = {
	};
	objectVersion = 55;
	objects = {

/* Begin PBXBuildFile section */
		E935B4E5279CD2A300467908 /* CreateButton.swift in Sources */ = {isa = PBXBuildFile; fileRef = E935B4E4279CD2A300467908 /* CreateButton.swift */; };
		E938549A279B232400AE6E53 /* GameSession.swift in Sources */ = {isa = PBXBuildFile; fileRef = E9385499279B232400AE6E53 /* GameSession.swift */; };
		E938549C279B24D300AE6E53 /* Player.swift in Sources */ = {isa = PBXBuildFile; fileRef = E938549B279B24D300AE6E53 /* Player.swift */; };
		E938549E279B250E00AE6E53 /* Character.swift in Sources */ = {isa = PBXBuildFile; fileRef = E938549D279B250E00AE6E53 /* Character.swift */; };
		E93854A0279B253400AE6E53 /* Weapon.swift in Sources */ = {isa = PBXBuildFile; fileRef = E938549F279B253400AE6E53 /* Weapon.swift */; };
		E93854A2279B256E00AE6E53 /* CharacterListStackView.swift in Sources */ = {isa = PBXBuildFile; fileRef = E93854A1279B256E00AE6E53 /* CharacterListStackView.swift */; };
		E94327A22794CB3C00057345 /* AppDelegate.swift in Sources */ = {isa = PBXBuildFile; fileRef = E94327A12794CB3C00057345 /* AppDelegate.swift */; };
		E94327A42794CB3C00057345 /* SceneDelegate.swift in Sources */ = {isa = PBXBuildFile; fileRef = E94327A32794CB3C00057345 /* SceneDelegate.swift */; };
		E94327A62794CB3C00057345 /* HomeScreenVC.swift in Sources */ = {isa = PBXBuildFile; fileRef = E94327A52794CB3C00057345 /* HomeScreenVC.swift */; };
		E94327A92794CB3C00057345 /* Main.storyboard in Resources */ = {isa = PBXBuildFile; fileRef = E94327A72794CB3C00057345 /* Main.storyboard */; };
		E94327AB2794CB3D00057345 /* Assets.xcassets in Resources */ = {isa = PBXBuildFile; fileRef = E94327AA2794CB3D00057345 /* Assets.xcassets */; };
		E94327AE2794CB3D00057345 /* LaunchScreen.storyboard in Resources */ = {isa = PBXBuildFile; fileRef = E94327AC2794CB3D00057345 /* LaunchScreen.storyboard */; };
		E94F674027AAA1A900A40FE9 /* CharactersActionsPopoverVC.swift in Sources */ = {isa = PBXBuildFile; fileRef = E94F673F27AAA1A900A40FE9 /* CharactersActionsPopoverVC.swift */; };
		E94F674227AAFED700A40FE9 /* ActionDetail.swift in Sources */ = {isa = PBXBuildFile; fileRef = E94F674127AAFED700A40FE9 /* ActionDetail.swift */; };
		E94F674427AB309E00A40FE9 /* UpdateCharactersStats.swift in Sources */ = {isa = PBXBuildFile; fileRef = E94F674327AB309E00A40FE9 /* UpdateCharactersStats.swift */; };
		E9C0353127A7150000C89285 /* CombatScreenVC.swift in Sources */ = {isa = PBXBuildFile; fileRef = E9C0353027A7150000C89285 /* CombatScreenVC.swift */; };
		E9D2EB2F27A2C5D10083FE04 /* CharactersList.swift in Sources */ = {isa = PBXBuildFile; fileRef = E9D2EB2E27A2C5D10083FE04 /* CharactersList.swift */; };
/* End PBXBuildFile section */

/* Begin PBXFileReference section */
		E935B4E4279CD2A300467908 /* CreateButton.swift */ = {isa = PBXFileReference; lastKnownFileType = sourcecode.swift; path = CreateButton.swift; sourceTree = "<group>"; };
		E9385499279B232400AE6E53 /* GameSession.swift */ = {isa = PBXFileReference; lastKnownFileType = sourcecode.swift; path = GameSession.swift; sourceTree = "<group>"; };
		E938549B279B24D300AE6E53 /* Player.swift */ = {isa = PBXFileReference; lastKnownFileType = sourcecode.swift; path = Player.swift; sourceTree = "<group>"; };
		E938549D279B250E00AE6E53 /* Character.swift */ = {isa = PBXFileReference; lastKnownFileType = sourcecode.swift; path = Character.swift; sourceTree = "<group>"; };
		E938549F279B253400AE6E53 /* Weapon.swift */ = {isa = PBXFileReference; lastKnownFileType = sourcecode.swift; path = Weapon.swift; sourceTree = "<group>"; };
		E93854A1279B256E00AE6E53 /* CharacterListStackView.swift */ = {isa = PBXFileReference; lastKnownFileType = sourcecode.swift; path = CharacterListStackView.swift; sourceTree = "<group>"; };
		E943279E2794CB3C00057345 /* OC_FrenchGameFactory.app */ = {isa = PBXFileReference; explicitFileType = wrapper.application; includeInIndex = 0; path = OC_FrenchGameFactory.app; sourceTree = BUILT_PRODUCTS_DIR; };
		E94327A12794CB3C00057345 /* AppDelegate.swift */ = {isa = PBXFileReference; lastKnownFileType = sourcecode.swift; path = AppDelegate.swift; sourceTree = "<group>"; };
		E94327A32794CB3C00057345 /* SceneDelegate.swift */ = {isa = PBXFileReference; lastKnownFileType = sourcecode.swift; path = SceneDelegate.swift; sourceTree = "<group>"; };
		E94327A52794CB3C00057345 /* HomeScreenVC.swift */ = {isa = PBXFileReference; lastKnownFileType = sourcecode.swift; path = HomeScreenVC.swift; sourceTree = "<group>"; };
		E94327A82794CB3C00057345 /* Base */ = {isa = PBXFileReference; lastKnownFileType = file.storyboard; name = Base; path = Base.lproj/Main.storyboard; sourceTree = "<group>"; };
		E94327AA2794CB3D00057345 /* Assets.xcassets */ = {isa = PBXFileReference; lastKnownFileType = folder.assetcatalog; path = Assets.xcassets; sourceTree = "<group>"; };
		E94327AD2794CB3D00057345 /* Base */ = {isa = PBXFileReference; lastKnownFileType = file.storyboard; name = Base; path = Base.lproj/LaunchScreen.storyboard; sourceTree = "<group>"; };
		E94327AF2794CB3D00057345 /* Info.plist */ = {isa = PBXFileReference; lastKnownFileType = text.plist.xml; path = Info.plist; sourceTree = "<group>"; };
		E94F673F27AAA1A900A40FE9 /* CharactersActionsPopoverVC.swift */ = {isa = PBXFileReference; lastKnownFileType = sourcecode.swift; path = CharactersActionsPopoverVC.swift; sourceTree = "<group>"; };
		E94F674127AAFED700A40FE9 /* ActionDetail.swift */ = {isa = PBXFileReference; lastKnownFileType = sourcecode.swift; path = ActionDetail.swift; sourceTree = "<group>"; };
		E94F674327AB309E00A40FE9 /* UpdateCharactersStats.swift */ = {isa = PBXFileReference; lastKnownFileType = sourcecode.swift; path = UpdateCharactersStats.swift; sourceTree = "<group>"; };
		E9C0353027A7150000C89285 /* CombatScreenVC.swift */ = {isa = PBXFileReference; lastKnownFileType = sourcecode.swift; name = CombatScreenVC.swift; path = OC_FrenchGameFactory/Controller/CombatScreen/CombatScreenVC.swift; sourceTree = SOURCE_ROOT; };
		E9D2EB2E27A2C5D10083FE04 /* CharactersList.swift */ = {isa = PBXFileReference; lastKnownFileType = sourcecode.swift; path = CharactersList.swift; sourceTree = "<group>"; };
/* End PBXFileReference section */

/* Begin PBXFrameworksBuildPhase section */
		E943279B2794CB3C00057345 /* Frameworks */ = {
			isa = PBXFrameworksBuildPhase;
			buildActionMask = 2147483647;
			files = (
			);
			runOnlyForDeploymentPostprocessing = 0;
		};
/* End PBXFrameworksBuildPhase section */

/* Begin PBXGroup section */
		E9385493279B20E400AE6E53 /* Structures */ = {
			isa = PBXGroup;
			children = (
				E938549F279B253400AE6E53 /* Weapon.swift */,
				E938549D279B250E00AE6E53 /* Character.swift */,
				E9385499279B232400AE6E53 /* GameSession.swift */,
				E938549B279B24D300AE6E53 /* Player.swift */,
			);
			path = Structures;
			sourceTree = "<group>";
		};
		E9385497279B22D900AE6E53 /* HomeScreen */ = {
			isa = PBXGroup;
			children = (
				E9D2EB2E27A2C5D10083FE04 /* CharactersList.swift */,
			);
			path = HomeScreen;
			sourceTree = "<group>";
		};
		E94327952794CB3C00057345 = {
			isa = PBXGroup;
			children = (
				E94327A02794CB3C00057345 /* OC_FrenchGameFactory */,
				E943279F2794CB3C00057345 /* Products */,
			);
			sourceTree = "<group>";
		};
		E943279F2794CB3C00057345 /* Products */ = {
			isa = PBXGroup;
			children = (
				E943279E2794CB3C00057345 /* OC_FrenchGameFactory.app */,
			);
			name = Products;
			sourceTree = "<group>";
		};
		E94327A02794CB3C00057345 /* OC_FrenchGameFactory */ = {
			isa = PBXGroup;
			children = (
				E97404BD27A18E8300CBFAEF /* Controller */,
				E97404BC27A18E7A00CBFAEF /* View */,
				E97404BB27A18E7000CBFAEF /* Model */,
				E9385493279B20E400AE6E53 /* Structures */,
				E94327A12794CB3C00057345 /* AppDelegate.swift */,
				E94327A32794CB3C00057345 /* SceneDelegate.swift */,
				E94327AA2794CB3D00057345 /* Assets.xcassets */,
				E94327AC2794CB3D00057345 /* LaunchScreen.storyboard */,
				E94327AF2794CB3D00057345 /* Info.plist */,
			);
			path = OC_FrenchGameFactory;
			sourceTree = "<group>";
		};
		E94F674527AB30C000A40FE9 /* CombatScreen */ = {
			isa = PBXGroup;
			children = (
				E94F674327AB309E00A40FE9 /* UpdateCharactersStats.swift */,
			);
			path = CombatScreen;
			sourceTree = "<group>";
		};
		E97404BB27A18E7000CBFAEF /* Model */ = {
			isa = PBXGroup;
			children = (
				E94F674527AB30C000A40FE9 /* CombatScreen */,
				E9385497279B22D900AE6E53 /* HomeScreen */,
			);
			path = Model;
			sourceTree = "<group>";
		};
		E97404BC27A18E7A00CBFAEF /* View */ = {
			isa = PBXGroup;
			children = (
				E94327A72794CB3C00057345 /* Main.storyboard */,
				E9C0353327A745D600C89285 /* CombatScreen */,
				E9D2EB3027A2CC000083FE04 /* HomeScreen */,
			);
			path = View;
			sourceTree = "<group>";
		};
		E97404BD27A18E8300CBFAEF /* Controller */ = {
			isa = PBXGroup;
			children = (
				E9C0353227A71BB300C89285 /* CombatScreen */,
				E9D2EB3127A2D53B0083FE04 /* HomeScreen */,
			);
			path = Controller;
			sourceTree = "<group>";
		};
		E9C0353227A71BB300C89285 /* CombatScreen */ = {
			isa = PBXGroup;
			children = (
				E94F673F27AAA1A900A40FE9 /* CharactersActionsPopoverVC.swift */,
				E9C0353027A7150000C89285 /* CombatScreenVC.swift */,
			);
			path = CombatScreen;
			sourceTree = "<group>";
		};
		E9C0353327A745D600C89285 /* CombatScreen */ = {
			isa = PBXGroup;
			children = (
				E94F674127AAFED700A40FE9 /* ActionDetail.swift */,
			);
			path = CombatScreen;
			sourceTree = "<group>";
		};
		E9D2EB3027A2CC000083FE04 /* HomeScreen */ = {
			isa = PBXGroup;
			children = (
				E93854A1279B256E00AE6E53 /* CharacterListStackView.swift */,
				E935B4E4279CD2A300467908 /* CreateButton.swift */,
			);
			path = HomeScreen;
			sourceTree = "<group>";
		};
		E9D2EB3127A2D53B0083FE04 /* HomeScreen */ = {
			isa = PBXGroup;
			children = (
				E94327A52794CB3C00057345 /* HomeScreenVC.swift */,
			);
			path = HomeScreen;
			sourceTree = "<group>";
		};
/* End PBXGroup section */

/* Begin PBXNativeTarget section */
		E943279D2794CB3C00057345 /* OC_FrenchGameFactory */ = {
			isa = PBXNativeTarget;
			buildConfigurationList = E94327B22794CB3D00057345 /* Build configuration list for PBXNativeTarget "OC_FrenchGameFactory" */;
			buildPhases = (
				E943279A2794CB3C00057345 /* Sources */,
				E943279B2794CB3C00057345 /* Frameworks */,
				E943279C2794CB3C00057345 /* Resources */,
			);
			buildRules = (
			);
			dependencies = (
			);
			name = OC_FrenchGameFactory;
			productName = OC_FrenchGameFactory;
			productReference = E943279E2794CB3C00057345 /* OC_FrenchGameFactory.app */;
			productType = "com.apple.product-type.application";
		};
/* End PBXNativeTarget section */

/* Begin PBXProject section */
		E94327962794CB3C00057345 /* Project object */ = {
			isa = PBXProject;
			attributes = {
				BuildIndependentTargetsInParallel = 1;
				LastSwiftUpdateCheck = 1320;
				LastUpgradeCheck = 1320;
				TargetAttributes = {
					E943279D2794CB3C00057345 = {
						CreatedOnToolsVersion = 13.2.1;
					};
				};
			};
			buildConfigurationList = E94327992794CB3C00057345 /* Build configuration list for PBXProject "OC_FrenchGameFactory" */;
			compatibilityVersion = "Xcode 13.0";
			developmentRegion = en;
			hasScannedForEncodings = 0;
			knownRegions = (
				en,
				Base,
			);
			mainGroup = E94327952794CB3C00057345;
			productRefGroup = E943279F2794CB3C00057345 /* Products */;
			projectDirPath = "";
			projectRoot = "";
			targets = (
				E943279D2794CB3C00057345 /* OC_FrenchGameFactory */,
			);
		};
/* End PBXProject section */

/* Begin PBXResourcesBuildPhase section */
		E943279C2794CB3C00057345 /* Resources */ = {
			isa = PBXResourcesBuildPhase;
			buildActionMask = 2147483647;
			files = (
				E94327AE2794CB3D00057345 /* LaunchScreen.storyboard in Resources */,
				E94327AB2794CB3D00057345 /* Assets.xcassets in Resources */,
				E94327A92794CB3C00057345 /* Main.storyboard in Resources */,
			);
			runOnlyForDeploymentPostprocessing = 0;
		};
/* End PBXResourcesBuildPhase section */

/* Begin PBXSourcesBuildPhase section */
		E943279A2794CB3C00057345 /* Sources */ = {
			isa = PBXSourcesBuildPhase;
			buildActionMask = 2147483647;
			files = (
				E94327A62794CB3C00057345 /* HomeScreenVC.swift in Sources */,
				E9D2EB2F27A2C5D10083FE04 /* CharactersList.swift in Sources */,
				E94327A22794CB3C00057345 /* AppDelegate.swift in Sources */,
				E935B4E5279CD2A300467908 /* CreateButton.swift in Sources */,
				E9C0353127A7150000C89285 /* CombatScreenVC.swift in Sources */,
				E94327A42794CB3C00057345 /* SceneDelegate.swift in Sources */,
				E938549C279B24D300AE6E53 /* Player.swift in Sources */,
				E938549A279B232400AE6E53 /* GameSession.swift in Sources */,
				E94F674027AAA1A900A40FE9 /* CharactersActionsPopoverVC.swift in Sources */,
				E93854A2279B256E00AE6E53 /* CharacterListStackView.swift in Sources */,
				E938549E279B250E00AE6E53 /* Character.swift in Sources */,
				E93854A0279B253400AE6E53 /* Weapon.swift in Sources */,
				E94F674427AB309E00A40FE9 /* UpdateCharactersStats.swift in Sources */,
				E94F674227AAFED700A40FE9 /* ActionDetail.swift in Sources */,
			);
			runOnlyForDeploymentPostprocessing = 0;
		};
/* End PBXSourcesBuildPhase section */

/* Begin PBXVariantGroup section */
		E94327A72794CB3C00057345 /* Main.storyboard */ = {
			isa = PBXVariantGroup;
			children = (
				E94327A82794CB3C00057345 /* Base */,
			);
			name = Main.storyboard;
			sourceTree = "<group>";
		};
		E94327AC2794CB3D00057345 /* LaunchScreen.storyboard */ = {
			isa = PBXVariantGroup;
			children = (
				E94327AD2794CB3D00057345 /* Base */,
			);
			name = LaunchScreen.storyboard;
			sourceTree = "<group>";
		};
/* End PBXVariantGroup section */

/* Begin XCBuildConfiguration section */
		E94327B02794CB3D00057345 /* Debug */ = {
			isa = XCBuildConfiguration;
			buildSettings = {
				ALWAYS_SEARCH_USER_PATHS = NO;
				CLANG_ANALYZER_NONNULL = YES;
				CLANG_ANALYZER_NUMBER_OBJECT_CONVERSION = YES_AGGRESSIVE;
				CLANG_CXX_LANGUAGE_STANDARD = "gnu++17";
				CLANG_CXX_LIBRARY = "libc++";
				CLANG_ENABLE_MODULES = YES;
				CLANG_ENABLE_OBJC_ARC = YES;
				CLANG_ENABLE_OBJC_WEAK = YES;
				CLANG_WARN_BLOCK_CAPTURE_AUTORELEASING = YES;
				CLANG_WARN_BOOL_CONVERSION = YES;
				CLANG_WARN_COMMA = YES;
				CLANG_WARN_CONSTANT_CONVERSION = YES;
				CLANG_WARN_DEPRECATED_OBJC_IMPLEMENTATIONS = YES;
				CLANG_WARN_DIRECT_OBJC_ISA_USAGE = YES_ERROR;
				CLANG_WARN_DOCUMENTATION_COMMENTS = YES;
				CLANG_WARN_EMPTY_BODY = YES;
				CLANG_WARN_ENUM_CONVERSION = YES;
				CLANG_WARN_INFINITE_RECURSION = YES;
				CLANG_WARN_INT_CONVERSION = YES;
				CLANG_WARN_NON_LITERAL_NULL_CONVERSION = YES;
				CLANG_WARN_OBJC_IMPLICIT_RETAIN_SELF = YES;
				CLANG_WARN_OBJC_LITERAL_CONVERSION = YES;
				CLANG_WARN_OBJC_ROOT_CLASS = YES_ERROR;
				CLANG_WARN_QUOTED_INCLUDE_IN_FRAMEWORK_HEADER = YES;
				CLANG_WARN_RANGE_LOOP_ANALYSIS = YES;
				CLANG_WARN_STRICT_PROTOTYPES = YES;
				CLANG_WARN_SUSPICIOUS_MOVE = YES;
				CLANG_WARN_UNGUARDED_AVAILABILITY = YES_AGGRESSIVE;
				CLANG_WARN_UNREACHABLE_CODE = YES;
				CLANG_WARN__DUPLICATE_METHOD_MATCH = YES;
				COPY_PHASE_STRIP = NO;
				DEBUG_INFORMATION_FORMAT = dwarf;
				ENABLE_STRICT_OBJC_MSGSEND = YES;
				ENABLE_TESTABILITY = YES;
				GCC_C_LANGUAGE_STANDARD = gnu11;
				GCC_DYNAMIC_NO_PIC = NO;
				GCC_NO_COMMON_BLOCKS = YES;
				GCC_OPTIMIZATION_LEVEL = 0;
				GCC_PREPROCESSOR_DEFINITIONS = (
					"DEBUG=1",
					"$(inherited)",
				);
				GCC_WARN_64_TO_32_BIT_CONVERSION = YES;
				GCC_WARN_ABOUT_RETURN_TYPE = YES_ERROR;
				GCC_WARN_UNDECLARED_SELECTOR = YES;
				GCC_WARN_UNINITIALIZED_AUTOS = YES_AGGRESSIVE;
				GCC_WARN_UNUSED_FUNCTION = YES;
				GCC_WARN_UNUSED_VARIABLE = YES;
				IPHONEOS_DEPLOYMENT_TARGET = 15.2;
				MTL_ENABLE_DEBUG_INFO = INCLUDE_SOURCE;
				MTL_FAST_MATH = YES;
				ONLY_ACTIVE_ARCH = YES;
				SDKROOT = iphoneos;
				SWIFT_ACTIVE_COMPILATION_CONDITIONS = DEBUG;
				SWIFT_OPTIMIZATION_LEVEL = "-Onone";
			};
			name = Debug;
		};
		E94327B12794CB3D00057345 /* Release */ = {
			isa = XCBuildConfiguration;
			buildSettings = {
				ALWAYS_SEARCH_USER_PATHS = NO;
				CLANG_ANALYZER_NONNULL = YES;
				CLANG_ANALYZER_NUMBER_OBJECT_CONVERSION = YES_AGGRESSIVE;
				CLANG_CXX_LANGUAGE_STANDARD = "gnu++17";
				CLANG_CXX_LIBRARY = "libc++";
				CLANG_ENABLE_MODULES = YES;
				CLANG_ENABLE_OBJC_ARC = YES;
				CLANG_ENABLE_OBJC_WEAK = YES;
				CLANG_WARN_BLOCK_CAPTURE_AUTORELEASING = YES;
				CLANG_WARN_BOOL_CONVERSION = YES;
				CLANG_WARN_COMMA = YES;
				CLANG_WARN_CONSTANT_CONVERSION = YES;
				CLANG_WARN_DEPRECATED_OBJC_IMPLEMENTATIONS = YES;
				CLANG_WARN_DIRECT_OBJC_ISA_USAGE = YES_ERROR;
				CLANG_WARN_DOCUMENTATION_COMMENTS = YES;
				CLANG_WARN_EMPTY_BODY = YES;
				CLANG_WARN_ENUM_CONVERSION = YES;
				CLANG_WARN_INFINITE_RECURSION = YES;
				CLANG_WARN_INT_CONVERSION = YES;
				CLANG_WARN_NON_LITERAL_NULL_CONVERSION = YES;
				CLANG_WARN_OBJC_IMPLICIT_RETAIN_SELF = YES;
				CLANG_WARN_OBJC_LITERAL_CONVERSION = YES;
				CLANG_WARN_OBJC_ROOT_CLASS = YES_ERROR;
				CLANG_WARN_QUOTED_INCLUDE_IN_FRAMEWORK_HEADER = YES;
				CLANG_WARN_RANGE_LOOP_ANALYSIS = YES;
				CLANG_WARN_STRICT_PROTOTYPES = YES;
				CLANG_WARN_SUSPICIOUS_MOVE = YES;
				CLANG_WARN_UNGUARDED_AVAILABILITY = YES_AGGRESSIVE;
				CLANG_WARN_UNREACHABLE_CODE = YES;
				CLANG_WARN__DUPLICATE_METHOD_MATCH = YES;
				COPY_PHASE_STRIP = NO;
				DEBUG_INFORMATION_FORMAT = "dwarf-with-dsym";
				ENABLE_NS_ASSERTIONS = NO;
				ENABLE_STRICT_OBJC_MSGSEND = YES;
				GCC_C_LANGUAGE_STANDARD = gnu11;
				GCC_NO_COMMON_BLOCKS = YES;
				GCC_WARN_64_TO_32_BIT_CONVERSION = YES;
				GCC_WARN_ABOUT_RETURN_TYPE = YES_ERROR;
				GCC_WARN_UNDECLARED_SELECTOR = YES;
				GCC_WARN_UNINITIALIZED_AUTOS = YES_AGGRESSIVE;
				GCC_WARN_UNUSED_FUNCTION = YES;
				GCC_WARN_UNUSED_VARIABLE = YES;
				IPHONEOS_DEPLOYMENT_TARGET = 15.2;
				MTL_ENABLE_DEBUG_INFO = NO;
				MTL_FAST_MATH = YES;
				SDKROOT = iphoneos;
				SWIFT_COMPILATION_MODE = wholemodule;
				SWIFT_OPTIMIZATION_LEVEL = "-O";
				VALIDATE_PRODUCT = YES;
			};
			name = Release;
		};
		E94327B32794CB3D00057345 /* Debug */ = {
			isa = XCBuildConfiguration;
			buildSettings = {
				ASSETCATALOG_COMPILER_APPICON_NAME = AppIcon;
				ASSETCATALOG_COMPILER_GLOBAL_ACCENT_COLOR_NAME = AccentColor;
				CODE_SIGN_STYLE = Automatic;
				CURRENT_PROJECT_VERSION = 1;
				DEVELOPMENT_TEAM = 32VPA6HJ38;
				GENERATE_INFOPLIST_FILE = YES;
				INFOPLIST_FILE = OC_FrenchGameFactory/Info.plist;
				INFOPLIST_KEY_UIApplicationSupportsIndirectInputEvents = YES;
				INFOPLIST_KEY_UILaunchStoryboardName = LaunchScreen;
				INFOPLIST_KEY_UIMainStoryboardFile = Main;
				INFOPLIST_KEY_UISupportedInterfaceOrientations = UIInterfaceOrientationPortrait;
				INFOPLIST_KEY_UISupportedInterfaceOrientations_iPad = "UIInterfaceOrientationPortrait UIInterfaceOrientationPortraitUpsideDown UIInterfaceOrientationLandscapeLeft UIInterfaceOrientationLandscapeRight";
				INFOPLIST_KEY_UISupportedInterfaceOrientations_iPhone = "UIInterfaceOrientationPortrait UIInterfaceOrientationLandscapeLeft UIInterfaceOrientationLandscapeRight";
				LD_RUNPATH_SEARCH_PATHS = (
					"$(inherited)",
					"@executable_path/Frameworks",
				);
				MARKETING_VERSION = 1.0;
				PRODUCT_BUNDLE_IDENTIFIER = "com.bertranddalleau.OC-FrenchGameFactory";
				PRODUCT_NAME = "$(TARGET_NAME)";
				SWIFT_EMIT_LOC_STRINGS = YES;
				SWIFT_VERSION = 5.0;
				TARGETED_DEVICE_FAMILY = 1;
			};
			name = Debug;
		};
		E94327B42794CB3D00057345 /* Release */ = {
			isa = XCBuildConfiguration;
			buildSettings = {
				ASSETCATALOG_COMPILER_APPICON_NAME = AppIcon;
				ASSETCATALOG_COMPILER_GLOBAL_ACCENT_COLOR_NAME = AccentColor;
				CODE_SIGN_STYLE = Automatic;
				CURRENT_PROJECT_VERSION = 1;
				DEVELOPMENT_TEAM = 32VPA6HJ38;
				GENERATE_INFOPLIST_FILE = YES;
				INFOPLIST_FILE = OC_FrenchGameFactory/Info.plist;
				INFOPLIST_KEY_UIApplicationSupportsIndirectInputEvents = YES;
				INFOPLIST_KEY_UILaunchStoryboardName = LaunchScreen;
				INFOPLIST_KEY_UIMainStoryboardFile = Main;
				INFOPLIST_KEY_UISupportedInterfaceOrientations = UIInterfaceOrientationPortrait;
				INFOPLIST_KEY_UISupportedInterfaceOrientations_iPad = "UIInterfaceOrientationPortrait UIInterfaceOrientationPortraitUpsideDown UIInterfaceOrientationLandscapeLeft UIInterfaceOrientationLandscapeRight";
				INFOPLIST_KEY_UISupportedInterfaceOrientations_iPhone = "UIInterfaceOrientationPortrait UIInterfaceOrientationLandscapeLeft UIInterfaceOrientationLandscapeRight";
				LD_RUNPATH_SEARCH_PATHS = (
					"$(inherited)",
					"@executable_path/Frameworks",
				);
				MARKETING_VERSION = 1.0;
				PRODUCT_BUNDLE_IDENTIFIER = "com.bertranddalleau.OC-FrenchGameFactory";
				PRODUCT_NAME = "$(TARGET_NAME)";
				SWIFT_EMIT_LOC_STRINGS = YES;
				SWIFT_VERSION = 5.0;
				TARGETED_DEVICE_FAMILY = 1;
			};
			name = Release;
		};
/* End XCBuildConfiguration section */

/* Begin XCConfigurationList section */
		E94327992794CB3C00057345 /* Build configuration list for PBXProject "OC_FrenchGameFactory" */ = {
			isa = XCConfigurationList;
			buildConfigurations = (
				E94327B02794CB3D00057345 /* Debug */,
				E94327B12794CB3D00057345 /* Release */,
			);
			defaultConfigurationIsVisible = 0;
			defaultConfigurationName = Release;
		};
		E94327B22794CB3D00057345 /* Build configuration list for PBXNativeTarget "OC_FrenchGameFactory" */ = {
			isa = XCConfigurationList;
			buildConfigurations = (
				E94327B32794CB3D00057345 /* Debug */,
				E94327B42794CB3D00057345 /* Release */,
			);
			defaultConfigurationIsVisible = 0;
			defaultConfigurationName = Release;
		};
/* End XCConfigurationList section */
	};
	rootObject = E94327962794CB3C00057345 /* Project object */;
}
